
Microsoft Visual Studio Solution File, Format Version 12.00
# Visual Studio 14
VisualStudioVersion = 14.0.25420.1
MinimumVisualStudioVersion = 10.0.40219.1
Project("{2150E333-8FDC-42A3-9474-1A3956D46DE8}") = "_GlobalShared", "_GlobalShared", "{3335084C-3B3D-4733-9318-3F65381D0B6E}"
EndProject
Project("{2150E333-8FDC-42A3-9474-1A3956D46DE8}") = "cpp", "cpp", "{11845837-A181-42FF-AC29-C26885AA19D5}"
EndProject
Project("{2150E333-8FDC-42A3-9474-1A3956D46DE8}") = "dotNet", "dotNet", "{3A8C0A16-0ACE-42B0-85A2-6C91F0D31F57}"
EndProject
Project("{2150E333-8FDC-42A3-9474-1A3956D46DE8}") = "_Shared", "_Shared", "{29340026-E8B3-44D0-AF10-64498E7E9BCA}"
EndProject
Project("{2150E333-8FDC-42A3-9474-1A3956D46DE8}") = "COM", "COM", "{D16977B1-3936-413C-8ED4-5A126F5B79B4}"
EndProject
Project("{2150E333-8FDC-42A3-9474-1A3956D46DE8}") = "RPC", "RPC", "{D2E8EDA7-F954-41E3-BD4F-1B58A94E0B01}"
EndProject
Project("{2150E333-8FDC-42A3-9474-1A3956D46DE8}") = "WCF", "WCF", "{C6EC9401-1109-4761-B781-6305033E6B0A}"
EndProject
Project("{2150E333-8FDC-42A3-9474-1A3956D46DE8}") = "WS", "WS", "{11DC0B0B-EC68-4AC2-8348-1C2524D2E31D}"
EndProject
Project("{2150E333-8FDC-42A3-9474-1A3956D46DE8}") = "cpp", "cpp", "{3294D7FD-F2AE-432E-AD5F-67531A37A32C}"
EndProject
Project("{2150E333-8FDC-42A3-9474-1A3956D46DE8}") = "dotNet", "dotNet", "{8F42B445-0434-4FEA-8983-9161C59A8ACB}"
EndProject
Project("{8BC9CEB8-8B4A-11D0-8D11-00A0C91BC942}") = "AuthServiceLib", "..\_shared\cpp\AuthServiceLib\AuthServiceLib.vcxproj", "{3952EC0A-C8A0-4B4B-865B-580DEDA72A6B}"
EndProject
Global
	GlobalSection(SolutionConfigurationPlatforms) = preSolution
		Debug|x64 = Debug|x64
		Debug|x86 = Debug|x86
		Release|x64 = Release|x64
		Release|x86 = Release|x86
	EndGlobalSection
	GlobalSection(ProjectConfigurationPlatforms) = postSolution
		{3952EC0A-C8A0-4B4B-865B-580DEDA72A6B}.Debug|x64.ActiveCfg = Debug|x64
		{3952EC0A-C8A0-4B4B-865B-580DEDA72A6B}.Debug|x64.Build.0 = Debug|x64
		{3952EC0A-C8A0-4B4B-865B-580DEDA72A6B}.Debug|x86.ActiveCfg = Debug|Win32
		{3952EC0A-C8A0-4B4B-865B-580DEDA72A6B}.Debug|x86.Build.0 = Debug|Win32
		{3952EC0A-C8A0-4B4B-865B-580DEDA72A6B}.Release|x64.ActiveCfg = Release|x64
		{3952EC0A-C8A0-4B4B-865B-580DEDA72A6B}.Release|x64.Build.0 = Release|x64
		{3952EC0A-C8A0-4B4B-865B-580DEDA72A6B}.Release|x86.ActiveCfg = Release|Win32
		{3952EC0A-C8A0-4B4B-865B-580DEDA72A6B}.Release|x86.Build.0 = Release|Win32
	EndGlobalSection
	GlobalSection(SolutionProperties) = preSolution
		HideSolutionNode = FALSE
	EndGlobalSection
	GlobalSection(NestedProjects) = preSolution
		{11845837-A181-42FF-AC29-C26885AA19D5} = {3335084C-3B3D-4733-9318-3F65381D0B6E}
		{3A8C0A16-0ACE-42B0-85A2-6C91F0D31F57} = {3335084C-3B3D-4733-9318-3F65381D0B6E}
		{3294D7FD-F2AE-432E-AD5F-67531A37A32C} = {29340026-E8B3-44D0-AF10-64498E7E9BCA}
		{8F42B445-0434-4FEA-8983-9161C59A8ACB} = {29340026-E8B3-44D0-AF10-64498E7E9BCA}
		{3952EC0A-C8A0-4B4B-865B-580DEDA72A6B} = {11845837-A181-42FF-AC29-C26885AA19D5}
	EndGlobalSection
EndGlobal
