
Microsoft Visual Studio Solution File, Format Version 12.00
# Visual Studio 14
VisualStudioVersion = 14.0.25420.1
MinimumVisualStudioVersion = 10.0.40219.1
Project("{2150E333-8FDC-42A3-9474-1A3956D46DE8}") = "_GlobalShared", "_GlobalShared", "{3335084C-3B3D-4733-9318-3F65381D0B6E}"
EndProject
Project("{2150E333-8FDC-42A3-9474-1A3956D46DE8}") = "cpp", "cpp", "{11845837-A181-42FF-AC29-C26885AA19D5}"
EndProject
Project("{2150E333-8FDC-42A3-9474-1A3956D46DE8}") = "dotNet", "dotNet", "{3A8C0A16-0ACE-42B0-85A2-6C91F0D31F57}"
EndProject
Project("{2150E333-8FDC-42A3-9474-1A3956D46DE8}") = "_Shared", "_Shared", "{29340026-E8B3-44D0-AF10-64498E7E9BCA}"
EndProject
Project("{2150E333-8FDC-42A3-9474-1A3956D46DE8}") = "COM", "COM", "{D16977B1-3936-413C-8ED4-5A126F5B79B4}"
EndProject
Project("{2150E333-8FDC-42A3-9474-1A3956D46DE8}") = "RPC", "RPC", "{D2E8EDA7-F954-41E3-BD4F-1B58A94E0B01}"
EndProject
Project("{2150E333-8FDC-42A3-9474-1A3956D46DE8}") = "WCF", "WCF", "{C6EC9401-1109-4761-B781-6305033E6B0A}"
EndProject
Project("{2150E333-8FDC-42A3-9474-1A3956D46DE8}") = "WS", "WS", "{11DC0B0B-EC68-4AC2-8348-1C2524D2E31D}"
EndProject
Project("{2150E333-8FDC-42A3-9474-1A3956D46DE8}") = "cpp", "cpp", "{3294D7FD-F2AE-432E-AD5F-67531A37A32C}"
EndProject
Project("{2150E333-8FDC-42A3-9474-1A3956D46DE8}") = "dotNet", "dotNet", "{8F42B445-0434-4FEA-8983-9161C59A8ACB}"
EndProject
Project("{8BC9CEB8-8B4A-11D0-8D11-00A0C91BC942}") = "AuthServiceLib", "..\_shared\cpp\AuthServiceLib\AuthServiceLib.vcxproj", "{3952EC0A-C8A0-4B4B-865B-580DEDA72A6B}"
EndProject
Project("{8BC9CEB8-8B4A-11D0-8D11-00A0C91BC942}") = "CmdInterpreterLib", "..\_shared\cpp\CmdInterpreterLib\CmdInterpreterLib.vcxproj", "{4D45D42D-D6F8-4458-9CDB-EAFC5A0A5576}"
EndProject
Project("{FAE04EC0-301F-11D3-BF4B-00C04F79EFBC}") = "MyBayLib", "_shared\dotNet\MyBayLib\MyBayLib.csproj", "{1A7A39A3-2694-48EF-9DF6-924FFE3FC8B9}"
EndProject
Project("{FAE04EC0-301F-11D3-BF4B-00C04F79EFBC}") = "MyBayWCFLibrary", "WCF\MyBayWCFLibrary\MyBayWCFLibrary.csproj", "{8FC4F28E-EFB8-4E41-B4FD-2D2B50AC82E0}"
EndProject
Project("{FAE04EC0-301F-11D3-BF4B-00C04F79EFBC}") = "MyBayWCFSrv", "WCF\MyBayWCFSrv\MyBayWCFSrv.csproj", "{5F138827-F125-4D2B-907A-3044248C1CF5}"
EndProject
Project("{FAE04EC0-301F-11D3-BF4B-00C04F79EFBC}") = "MyBayWCFCln", "WCF\MyBayWCFCln\MyBayWCFCln.csproj", "{441A9A4E-593D-44A6-99E1-02FDF8F055BC}"
EndProject
Project("{FAE04EC0-301F-11D3-BF4B-00C04F79EFBC}") = "AuthenticationService", "_shared\dotNet\AuthenticationService\AuthenticationService.csproj", "{7AA7FD80-DE51-4B1F-BBDA-20139FC29E5B}"
EndProject
Project("{8BC9CEB8-8B4A-11D0-8D11-00A0C91BC942}") = "COMMyBayCln", "COM\COMMyBayCln\COMMyBayCln.vcxproj", "{46B99661-4278-4B77-BFF3-71447554FFD2}"
EndProject
Project("{8BC9CEB8-8B4A-11D0-8D11-00A0C91BC942}") = "COMMyBaySrv", "COM\COMMyBaySrv\COMMyBaySrv.vcxproj", "{CA318EE3-191C-4E7D-901C-DCC7D7BC8FC2}"
EndProject
Project("{8BC9CEB8-8B4A-11D0-8D11-00A0C91BC942}") = "COMMyBaySrvPS", "COM\COMMyBaySrv\COMMyBaySrvPS.vcxproj", "{C0FB48E8-8FE1-45F3-AA51-BD794FCDE73A}"
EndProject
Project("{8BC9CEB8-8B4A-11D0-8D11-00A0C91BC942}") = "RPCMyBay", "RPC\RPCMyBay\RPCMyBay.vcxproj", "{9DE793FC-1E10-4751-98BE-79F10BE4D956}"
EndProject
Project("{8BC9CEB8-8B4A-11D0-8D11-00A0C91BC942}") = "RPCMyBayCln", "RPC\RPCMyBayCln\RPCMyBayCln.vcxproj", "{92FBB474-ED55-49F6-B300-AFF5C6890BE8}"
EndProject
Project("{8BC9CEB8-8B4A-11D0-8D11-00A0C91BC942}") = "RPCMyBayIdl", "RPC\RPCMyBayIdl\RPCMyBayIdl.vcxproj", "{9E8A2268-60A0-45DA-9DE7-A678FBB159E9}"
EndProject
Project("{8BC9CEB8-8B4A-11D0-8D11-00A0C91BC942}") = "RPCMyBaySrv", "RPC\RPCMyBaySrv\RPCMyBaySrv.vcxproj", "{486C9F3C-B1A4-4178-9088-EBE0907E531B}"
	ProjectSection(ProjectDependencies) = postProject
		{9E8A2268-60A0-45DA-9DE7-A678FBB159E9} = {9E8A2268-60A0-45DA-9DE7-A678FBB159E9}
	EndProjectSection
EndProject
Project("{8BC9CEB8-8B4A-11D0-8D11-00A0C91BC942}") = "MyBayLib", "_shared\cpp\MyBayLib\MyBayLib.vcxproj", "{27807DC3-9728-4601-A6DB-C09D3B811E0C}"
EndProject
Project("{8BC9CEB8-8B4A-11D0-8D11-00A0C91BC942}") = "HelperLib", "..\_shared\cpp\HelperLib\HelperLib.vcxproj", "{A6504036-7724-4296-A347-1CC07557B13A}"
EndProject
Project("{FAE04EC0-301F-11D3-BF4B-00C04F79EFBC}") = "MyBayWSSrv", "WS\MyBayWSSrv\MyBayWSSrv.csproj", "{347011B6-679E-46C4-BEEB-906C638949F0}"
EndProject
Global
	GlobalSection(SolutionConfigurationPlatforms) = preSolution
		Debug|Any CPU = Debug|Any CPU
		Debug|x64 = Debug|x64
		Debug|x86 = Debug|x86
		Release|Any CPU = Release|Any CPU
		Release|x64 = Release|x64
		Release|x86 = Release|x86
	EndGlobalSection
	GlobalSection(ProjectConfigurationPlatforms) = postSolution
		{3952EC0A-C8A0-4B4B-865B-580DEDA72A6B}.Debug|Any CPU.ActiveCfg = Debug|Win32
		{3952EC0A-C8A0-4B4B-865B-580DEDA72A6B}.Debug|x64.ActiveCfg = Debug|x64
		{3952EC0A-C8A0-4B4B-865B-580DEDA72A6B}.Debug|x64.Build.0 = Debug|x64
		{3952EC0A-C8A0-4B4B-865B-580DEDA72A6B}.Debug|x86.ActiveCfg = Debug|Win32
		{3952EC0A-C8A0-4B4B-865B-580DEDA72A6B}.Debug|x86.Build.0 = Debug|Win32
		{3952EC0A-C8A0-4B4B-865B-580DEDA72A6B}.Release|Any CPU.ActiveCfg = Release|Win32
		{3952EC0A-C8A0-4B4B-865B-580DEDA72A6B}.Release|x64.ActiveCfg = Release|x64
		{3952EC0A-C8A0-4B4B-865B-580DEDA72A6B}.Release|x64.Build.0 = Release|x64
		{3952EC0A-C8A0-4B4B-865B-580DEDA72A6B}.Release|x86.ActiveCfg = Release|Win32
		{3952EC0A-C8A0-4B4B-865B-580DEDA72A6B}.Release|x86.Build.0 = Release|Win32
		{4D45D42D-D6F8-4458-9CDB-EAFC5A0A5576}.Debug|Any CPU.ActiveCfg = Debug|Win32
		{4D45D42D-D6F8-4458-9CDB-EAFC5A0A5576}.Debug|x64.ActiveCfg = Debug|x64
		{4D45D42D-D6F8-4458-9CDB-EAFC5A0A5576}.Debug|x64.Build.0 = Debug|x64
		{4D45D42D-D6F8-4458-9CDB-EAFC5A0A5576}.Debug|x86.ActiveCfg = Debug|Win32
		{4D45D42D-D6F8-4458-9CDB-EAFC5A0A5576}.Debug|x86.Build.0 = Debug|Win32
		{4D45D42D-D6F8-4458-9CDB-EAFC5A0A5576}.Release|Any CPU.ActiveCfg = Release|Win32
		{4D45D42D-D6F8-4458-9CDB-EAFC5A0A5576}.Release|x64.ActiveCfg = Release|x64
		{4D45D42D-D6F8-4458-9CDB-EAFC5A0A5576}.Release|x64.Build.0 = Release|x64
		{4D45D42D-D6F8-4458-9CDB-EAFC5A0A5576}.Release|x86.ActiveCfg = Release|Win32
		{4D45D42D-D6F8-4458-9CDB-EAFC5A0A5576}.Release|x86.Build.0 = Release|Win32
		{1A7A39A3-2694-48EF-9DF6-924FFE3FC8B9}.Debug|Any CPU.ActiveCfg = Debug|Any CPU
		{1A7A39A3-2694-48EF-9DF6-924FFE3FC8B9}.Debug|Any CPU.Build.0 = Debug|Any CPU
		{1A7A39A3-2694-48EF-9DF6-924FFE3FC8B9}.Debug|x64.ActiveCfg = Debug|Any CPU
		{1A7A39A3-2694-48EF-9DF6-924FFE3FC8B9}.Debug|x64.Build.0 = Debug|Any CPU
		{1A7A39A3-2694-48EF-9DF6-924FFE3FC8B9}.Debug|x86.ActiveCfg = Debug|Any CPU
		{1A7A39A3-2694-48EF-9DF6-924FFE3FC8B9}.Debug|x86.Build.0 = Debug|Any CPU
		{1A7A39A3-2694-48EF-9DF6-924FFE3FC8B9}.Release|Any CPU.ActiveCfg = Release|Any CPU
		{1A7A39A3-2694-48EF-9DF6-924FFE3FC8B9}.Release|Any CPU.Build.0 = Release|Any CPU
		{1A7A39A3-2694-48EF-9DF6-924FFE3FC8B9}.Release|x64.ActiveCfg = Release|Any CPU
		{1A7A39A3-2694-48EF-9DF6-924FFE3FC8B9}.Release|x64.Build.0 = Release|Any CPU
		{1A7A39A3-2694-48EF-9DF6-924FFE3FC8B9}.Release|x86.ActiveCfg = Release|Any CPU
		{1A7A39A3-2694-48EF-9DF6-924FFE3FC8B9}.Release|x86.Build.0 = Release|Any CPU
		{8FC4F28E-EFB8-4E41-B4FD-2D2B50AC82E0}.Debug|Any CPU.ActiveCfg = Debug|Any CPU
		{8FC4F28E-EFB8-4E41-B4FD-2D2B50AC82E0}.Debug|Any CPU.Build.0 = Debug|Any CPU
		{8FC4F28E-EFB8-4E41-B4FD-2D2B50AC82E0}.Debug|x64.ActiveCfg = Debug|Any CPU
		{8FC4F28E-EFB8-4E41-B4FD-2D2B50AC82E0}.Debug|x64.Build.0 = Debug|Any CPU
		{8FC4F28E-EFB8-4E41-B4FD-2D2B50AC82E0}.Debug|x86.ActiveCfg = Debug|Any CPU
		{8FC4F28E-EFB8-4E41-B4FD-2D2B50AC82E0}.Debug|x86.Build.0 = Debug|Any CPU
		{8FC4F28E-EFB8-4E41-B4FD-2D2B50AC82E0}.Release|Any CPU.ActiveCfg = Release|Any CPU
		{8FC4F28E-EFB8-4E41-B4FD-2D2B50AC82E0}.Release|Any CPU.Build.0 = Release|Any CPU
		{8FC4F28E-EFB8-4E41-B4FD-2D2B50AC82E0}.Release|x64.ActiveCfg = Release|Any CPU
		{8FC4F28E-EFB8-4E41-B4FD-2D2B50AC82E0}.Release|x64.Build.0 = Release|Any CPU
		{8FC4F28E-EFB8-4E41-B4FD-2D2B50AC82E0}.Release|x86.ActiveCfg = Release|Any CPU
		{8FC4F28E-EFB8-4E41-B4FD-2D2B50AC82E0}.Release|x86.Build.0 = Release|Any CPU
		{5F138827-F125-4D2B-907A-3044248C1CF5}.Debug|Any CPU.ActiveCfg = Debug|Any CPU
		{5F138827-F125-4D2B-907A-3044248C1CF5}.Debug|Any CPU.Build.0 = Debug|Any CPU
		{5F138827-F125-4D2B-907A-3044248C1CF5}.Debug|x64.ActiveCfg = Debug|Any CPU
		{5F138827-F125-4D2B-907A-3044248C1CF5}.Debug|x64.Build.0 = Debug|Any CPU
		{5F138827-F125-4D2B-907A-3044248C1CF5}.Debug|x86.ActiveCfg = Debug|Any CPU
		{5F138827-F125-4D2B-907A-3044248C1CF5}.Debug|x86.Build.0 = Debug|Any CPU
		{5F138827-F125-4D2B-907A-3044248C1CF5}.Release|Any CPU.ActiveCfg = Release|Any CPU
		{5F138827-F125-4D2B-907A-3044248C1CF5}.Release|Any CPU.Build.0 = Release|Any CPU
		{5F138827-F125-4D2B-907A-3044248C1CF5}.Release|x64.ActiveCfg = Release|Any CPU
		{5F138827-F125-4D2B-907A-3044248C1CF5}.Release|x64.Build.0 = Release|Any CPU
		{5F138827-F125-4D2B-907A-3044248C1CF5}.Release|x86.ActiveCfg = Release|Any CPU
		{5F138827-F125-4D2B-907A-3044248C1CF5}.Release|x86.Build.0 = Release|Any CPU
		{441A9A4E-593D-44A6-99E1-02FDF8F055BC}.Debug|Any CPU.ActiveCfg = Debug|Any CPU
		{441A9A4E-593D-44A6-99E1-02FDF8F055BC}.Debug|Any CPU.Build.0 = Debug|Any CPU
		{441A9A4E-593D-44A6-99E1-02FDF8F055BC}.Debug|x64.ActiveCfg = Debug|Any CPU
		{441A9A4E-593D-44A6-99E1-02FDF8F055BC}.Debug|x64.Build.0 = Debug|Any CPU
		{441A9A4E-593D-44A6-99E1-02FDF8F055BC}.Debug|x86.ActiveCfg = Debug|Any CPU
		{441A9A4E-593D-44A6-99E1-02FDF8F055BC}.Debug|x86.Build.0 = Debug|Any CPU
		{441A9A4E-593D-44A6-99E1-02FDF8F055BC}.Release|Any CPU.ActiveCfg = Release|Any CPU
		{441A9A4E-593D-44A6-99E1-02FDF8F055BC}.Release|Any CPU.Build.0 = Release|Any CPU
		{441A9A4E-593D-44A6-99E1-02FDF8F055BC}.Release|x64.ActiveCfg = Release|Any CPU
		{441A9A4E-593D-44A6-99E1-02FDF8F055BC}.Release|x64.Build.0 = Release|Any CPU
		{441A9A4E-593D-44A6-99E1-02FDF8F055BC}.Release|x86.ActiveCfg = Release|Any CPU
		{441A9A4E-593D-44A6-99E1-02FDF8F055BC}.Release|x86.Build.0 = Release|Any CPU
		{7AA7FD80-DE51-4B1F-BBDA-20139FC29E5B}.Debug|Any CPU.ActiveCfg = Debug|Any CPU
		{7AA7FD80-DE51-4B1F-BBDA-20139FC29E5B}.Debug|Any CPU.Build.0 = Debug|Any CPU
		{7AA7FD80-DE51-4B1F-BBDA-20139FC29E5B}.Debug|x64.ActiveCfg = Debug|Any CPU
		{7AA7FD80-DE51-4B1F-BBDA-20139FC29E5B}.Debug|x64.Build.0 = Debug|Any CPU
		{7AA7FD80-DE51-4B1F-BBDA-20139FC29E5B}.Debug|x86.ActiveCfg = Debug|Any CPU
		{7AA7FD80-DE51-4B1F-BBDA-20139FC29E5B}.Debug|x86.Build.0 = Debug|Any CPU
		{7AA7FD80-DE51-4B1F-BBDA-20139FC29E5B}.Release|Any CPU.ActiveCfg = Release|Any CPU
		{7AA7FD80-DE51-4B1F-BBDA-20139FC29E5B}.Release|Any CPU.Build.0 = Release|Any CPU
		{7AA7FD80-DE51-4B1F-BBDA-20139FC29E5B}.Release|x64.ActiveCfg = Release|Any CPU
		{7AA7FD80-DE51-4B1F-BBDA-20139FC29E5B}.Release|x64.Build.0 = Release|Any CPU
		{7AA7FD80-DE51-4B1F-BBDA-20139FC29E5B}.Release|x86.ActiveCfg = Release|Any CPU
		{7AA7FD80-DE51-4B1F-BBDA-20139FC29E5B}.Release|x86.Build.0 = Release|Any CPU
		{46B99661-4278-4B77-BFF3-71447554FFD2}.Debug|Any CPU.ActiveCfg = Debug|Win32
		{46B99661-4278-4B77-BFF3-71447554FFD2}.Debug|x64.ActiveCfg = Debug|x64
		{46B99661-4278-4B77-BFF3-71447554FFD2}.Debug|x64.Build.0 = Debug|x64
		{46B99661-4278-4B77-BFF3-71447554FFD2}.Debug|x86.ActiveCfg = Debug|Win32
		{46B99661-4278-4B77-BFF3-71447554FFD2}.Debug|x86.Build.0 = Debug|Win32
		{46B99661-4278-4B77-BFF3-71447554FFD2}.Release|Any CPU.ActiveCfg = Release|Win32
		{46B99661-4278-4B77-BFF3-71447554FFD2}.Release|x64.ActiveCfg = Release|x64
		{46B99661-4278-4B77-BFF3-71447554FFD2}.Release|x64.Build.0 = Release|x64
		{46B99661-4278-4B77-BFF3-71447554FFD2}.Release|x86.ActiveCfg = Release|Win32
		{46B99661-4278-4B77-BFF3-71447554FFD2}.Release|x86.Build.0 = Release|Win32
		{CA318EE3-191C-4E7D-901C-DCC7D7BC8FC2}.Debug|Any CPU.ActiveCfg = Debug|Win32
		{CA318EE3-191C-4E7D-901C-DCC7D7BC8FC2}.Debug|x64.ActiveCfg = Debug|x64
		{CA318EE3-191C-4E7D-901C-DCC7D7BC8FC2}.Debug|x64.Build.0 = Debug|x64
		{CA318EE3-191C-4E7D-901C-DCC7D7BC8FC2}.Debug|x86.ActiveCfg = Debug|Win32
		{CA318EE3-191C-4E7D-901C-DCC7D7BC8FC2}.Debug|x86.Build.0 = Debug|Win32
		{CA318EE3-191C-4E7D-901C-DCC7D7BC8FC2}.Release|Any CPU.ActiveCfg = Release|Win32
		{CA318EE3-191C-4E7D-901C-DCC7D7BC8FC2}.Release|x64.ActiveCfg = Release|x64
		{CA318EE3-191C-4E7D-901C-DCC7D7BC8FC2}.Release|x64.Build.0 = Release|x64
		{CA318EE3-191C-4E7D-901C-DCC7D7BC8FC2}.Release|x86.ActiveCfg = Release|Win32
		{CA318EE3-191C-4E7D-901C-DCC7D7BC8FC2}.Release|x86.Build.0 = Release|Win32
		{C0FB48E8-8FE1-45F3-AA51-BD794FCDE73A}.Debug|Any CPU.ActiveCfg = Debug|Win32
		{C0FB48E8-8FE1-45F3-AA51-BD794FCDE73A}.Debug|x64.ActiveCfg = Debug|x64
		{C0FB48E8-8FE1-45F3-AA51-BD794FCDE73A}.Debug|x64.Build.0 = Debug|x64
		{C0FB48E8-8FE1-45F3-AA51-BD794FCDE73A}.Debug|x86.ActiveCfg = Debug|Win32
		{C0FB48E8-8FE1-45F3-AA51-BD794FCDE73A}.Debug|x86.Build.0 = Debug|Win32
		{C0FB48E8-8FE1-45F3-AA51-BD794FCDE73A}.Release|Any CPU.ActiveCfg = Release|Win32
		{C0FB48E8-8FE1-45F3-AA51-BD794FCDE73A}.Release|x64.ActiveCfg = Release|x64
		{C0FB48E8-8FE1-45F3-AA51-BD794FCDE73A}.Release|x64.Build.0 = Release|x64
		{C0FB48E8-8FE1-45F3-AA51-BD794FCDE73A}.Release|x86.ActiveCfg = Release|Win32
		{C0FB48E8-8FE1-45F3-AA51-BD794FCDE73A}.Release|x86.Build.0 = Release|Win32
		{9DE793FC-1E10-4751-98BE-79F10BE4D956}.Debug|Any CPU.ActiveCfg = Debug|Win32
		{9DE793FC-1E10-4751-98BE-79F10BE4D956}.Debug|x64.ActiveCfg = Debug|x64
		{9DE793FC-1E10-4751-98BE-79F10BE4D956}.Debug|x64.Build.0 = Debug|x64
		{9DE793FC-1E10-4751-98BE-79F10BE4D956}.Debug|x86.ActiveCfg = Debug|Win32
		{9DE793FC-1E10-4751-98BE-79F10BE4D956}.Debug|x86.Build.0 = Debug|Win32
		{9DE793FC-1E10-4751-98BE-79F10BE4D956}.Release|Any CPU.ActiveCfg = Release|Win32
		{9DE793FC-1E10-4751-98BE-79F10BE4D956}.Release|x64.ActiveCfg = Release|x64
		{9DE793FC-1E10-4751-98BE-79F10BE4D956}.Release|x64.Build.0 = Release|x64
		{9DE793FC-1E10-4751-98BE-79F10BE4D956}.Release|x86.ActiveCfg = Release|Win32
		{9DE793FC-1E10-4751-98BE-79F10BE4D956}.Release|x86.Build.0 = Release|Win32
		{92FBB474-ED55-49F6-B300-AFF5C6890BE8}.Debug|Any CPU.ActiveCfg = Debug|Win32
		{92FBB474-ED55-49F6-B300-AFF5C6890BE8}.Debug|x64.ActiveCfg = Debug|x64
		{92FBB474-ED55-49F6-B300-AFF5C6890BE8}.Debug|x64.Build.0 = Debug|x64
		{92FBB474-ED55-49F6-B300-AFF5C6890BE8}.Debug|x86.ActiveCfg = Debug|Win32
		{92FBB474-ED55-49F6-B300-AFF5C6890BE8}.Debug|x86.Build.0 = Debug|Win32
		{92FBB474-ED55-49F6-B300-AFF5C6890BE8}.Release|Any CPU.ActiveCfg = Release|Win32
		{92FBB474-ED55-49F6-B300-AFF5C6890BE8}.Release|x64.ActiveCfg = Release|x64
		{92FBB474-ED55-49F6-B300-AFF5C6890BE8}.Release|x64.Build.0 = Release|x64
		{92FBB474-ED55-49F6-B300-AFF5C6890BE8}.Release|x86.ActiveCfg = Release|Win32
		{92FBB474-ED55-49F6-B300-AFF5C6890BE8}.Release|x86.Build.0 = Release|Win32
		{9E8A2268-60A0-45DA-9DE7-A678FBB159E9}.Debug|Any CPU.ActiveCfg = Debug|Win32
		{9E8A2268-60A0-45DA-9DE7-A678FBB159E9}.Debug|x64.ActiveCfg = Debug|x64
		{9E8A2268-60A0-45DA-9DE7-A678FBB159E9}.Debug|x64.Build.0 = Debug|x64
		{9E8A2268-60A0-45DA-9DE7-A678FBB159E9}.Debug|x86.ActiveCfg = Debug|Win32
		{9E8A2268-60A0-45DA-9DE7-A678FBB159E9}.Debug|x86.Build.0 = Debug|Win32
		{9E8A2268-60A0-45DA-9DE7-A678FBB159E9}.Release|Any CPU.ActiveCfg = Release|Win32
		{9E8A2268-60A0-45DA-9DE7-A678FBB159E9}.Release|x64.ActiveCfg = Release|x64
		{9E8A2268-60A0-45DA-9DE7-A678FBB159E9}.Release|x64.Build.0 = Release|x64
		{9E8A2268-60A0-45DA-9DE7-A678FBB159E9}.Release|x86.ActiveCfg = Release|Win32
		{9E8A2268-60A0-45DA-9DE7-A678FBB159E9}.Release|x86.Build.0 = Release|Win32
		{486C9F3C-B1A4-4178-9088-EBE0907E531B}.Debug|Any CPU.ActiveCfg = Debug|Win32
		{486C9F3C-B1A4-4178-9088-EBE0907E531B}.Debug|x64.ActiveCfg = Debug|x64
		{486C9F3C-B1A4-4178-9088-EBE0907E531B}.Debug|x64.Build.0 = Debug|x64
		{486C9F3C-B1A4-4178-9088-EBE0907E531B}.Debug|x86.ActiveCfg = Debug|Win32
		{486C9F3C-B1A4-4178-9088-EBE0907E531B}.Debug|x86.Build.0 = Debug|Win32
		{486C9F3C-B1A4-4178-9088-EBE0907E531B}.Release|Any CPU.ActiveCfg = Release|Win32
		{486C9F3C-B1A4-4178-9088-EBE0907E531B}.Release|x64.ActiveCfg = Release|x64
		{486C9F3C-B1A4-4178-9088-EBE0907E531B}.Release|x64.Build.0 = Release|x64
		{486C9F3C-B1A4-4178-9088-EBE0907E531B}.Release|x86.ActiveCfg = Release|Win32
		{486C9F3C-B1A4-4178-9088-EBE0907E531B}.Release|x86.Build.0 = Release|Win32
		{27807DC3-9728-4601-A6DB-C09D3B811E0C}.Debug|Any CPU.ActiveCfg = Debug|Win32
		{27807DC3-9728-4601-A6DB-C09D3B811E0C}.Debug|x64.ActiveCfg = Debug|x64
		{27807DC3-9728-4601-A6DB-C09D3B811E0C}.Debug|x64.Build.0 = Debug|x64
		{27807DC3-9728-4601-A6DB-C09D3B811E0C}.Debug|x86.ActiveCfg = Debug|Win32
		{27807DC3-9728-4601-A6DB-C09D3B811E0C}.Debug|x86.Build.0 = Debug|Win32
		{27807DC3-9728-4601-A6DB-C09D3B811E0C}.Release|Any CPU.ActiveCfg = Release|Win32
		{27807DC3-9728-4601-A6DB-C09D3B811E0C}.Release|x64.ActiveCfg = Release|x64
		{27807DC3-9728-4601-A6DB-C09D3B811E0C}.Release|x64.Build.0 = Release|x64
		{27807DC3-9728-4601-A6DB-C09D3B811E0C}.Release|x86.ActiveCfg = Release|Win32
		{27807DC3-9728-4601-A6DB-C09D3B811E0C}.Release|x86.Build.0 = Release|Win32
		{A6504036-7724-4296-A347-1CC07557B13A}.Debug|Any CPU.ActiveCfg = Debug|Win32
		{A6504036-7724-4296-A347-1CC07557B13A}.Debug|x64.ActiveCfg = Debug|x64
		{A6504036-7724-4296-A347-1CC07557B13A}.Debug|x64.Build.0 = Debug|x64
		{A6504036-7724-4296-A347-1CC07557B13A}.Debug|x86.ActiveCfg = Debug|Win32
		{A6504036-7724-4296-A347-1CC07557B13A}.Debug|x86.Build.0 = Debug|Win32
		{A6504036-7724-4296-A347-1CC07557B13A}.Release|Any CPU.ActiveCfg = Release|Win32
		{A6504036-7724-4296-A347-1CC07557B13A}.Release|x64.ActiveCfg = Release|x64
		{A6504036-7724-4296-A347-1CC07557B13A}.Release|x64.Build.0 = Release|x64
		{A6504036-7724-4296-A347-1CC07557B13A}.Release|x86.ActiveCfg = Release|Win32
		{A6504036-7724-4296-A347-1CC07557B13A}.Release|x86.Build.0 = Release|Win32
		{347011B6-679E-46C4-BEEB-906C638949F0}.Debug|Any CPU.ActiveCfg = Debug|Any CPU
		{347011B6-679E-46C4-BEEB-906C638949F0}.Debug|Any CPU.Build.0 = Debug|Any CPU
		{347011B6-679E-46C4-BEEB-906C638949F0}.Debug|x64.ActiveCfg = Debug|Any CPU
		{347011B6-679E-46C4-BEEB-906C638949F0}.Debug|x64.Build.0 = Debug|Any CPU
		{347011B6-679E-46C4-BEEB-906C638949F0}.Debug|x86.ActiveCfg = Debug|Any CPU
		{347011B6-679E-46C4-BEEB-906C638949F0}.Debug|x86.Build.0 = Debug|Any CPU
		{347011B6-679E-46C4-BEEB-906C638949F0}.Release|Any CPU.ActiveCfg = Release|Any CPU
		{347011B6-679E-46C4-BEEB-906C638949F0}.Release|Any CPU.Build.0 = Release|Any CPU
		{347011B6-679E-46C4-BEEB-906C638949F0}.Release|x64.ActiveCfg = Release|Any CPU
		{347011B6-679E-46C4-BEEB-906C638949F0}.Release|x64.Build.0 = Release|Any CPU
		{347011B6-679E-46C4-BEEB-906C638949F0}.Release|x86.ActiveCfg = Release|Any CPU
		{347011B6-679E-46C4-BEEB-906C638949F0}.Release|x86.Build.0 = Release|Any CPU
	EndGlobalSection
	GlobalSection(SolutionProperties) = preSolution
		HideSolutionNode = FALSE
	EndGlobalSection
	GlobalSection(NestedProjects) = preSolution
		{11845837-A181-42FF-AC29-C26885AA19D5} = {3335084C-3B3D-4733-9318-3F65381D0B6E}
		{3A8C0A16-0ACE-42B0-85A2-6C91F0D31F57} = {3335084C-3B3D-4733-9318-3F65381D0B6E}
		{3294D7FD-F2AE-432E-AD5F-67531A37A32C} = {29340026-E8B3-44D0-AF10-64498E7E9BCA}
		{8F42B445-0434-4FEA-8983-9161C59A8ACB} = {29340026-E8B3-44D0-AF10-64498E7E9BCA}
		{3952EC0A-C8A0-4B4B-865B-580DEDA72A6B} = {11845837-A181-42FF-AC29-C26885AA19D5}
		{4D45D42D-D6F8-4458-9CDB-EAFC5A0A5576} = {11845837-A181-42FF-AC29-C26885AA19D5}
		{1A7A39A3-2694-48EF-9DF6-924FFE3FC8B9} = {8F42B445-0434-4FEA-8983-9161C59A8ACB}
		{8FC4F28E-EFB8-4E41-B4FD-2D2B50AC82E0} = {C6EC9401-1109-4761-B781-6305033E6B0A}
		{5F138827-F125-4D2B-907A-3044248C1CF5} = {C6EC9401-1109-4761-B781-6305033E6B0A}
		{441A9A4E-593D-44A6-99E1-02FDF8F055BC} = {C6EC9401-1109-4761-B781-6305033E6B0A}
		{7AA7FD80-DE51-4B1F-BBDA-20139FC29E5B} = {8F42B445-0434-4FEA-8983-9161C59A8ACB}
		{46B99661-4278-4B77-BFF3-71447554FFD2} = {D16977B1-3936-413C-8ED4-5A126F5B79B4}
		{CA318EE3-191C-4E7D-901C-DCC7D7BC8FC2} = {D16977B1-3936-413C-8ED4-5A126F5B79B4}
		{C0FB48E8-8FE1-45F3-AA51-BD794FCDE73A} = {D16977B1-3936-413C-8ED4-5A126F5B79B4}
		{9DE793FC-1E10-4751-98BE-79F10BE4D956} = {D2E8EDA7-F954-41E3-BD4F-1B58A94E0B01}
		{92FBB474-ED55-49F6-B300-AFF5C6890BE8} = {D2E8EDA7-F954-41E3-BD4F-1B58A94E0B01}
		{9E8A2268-60A0-45DA-9DE7-A678FBB159E9} = {D2E8EDA7-F954-41E3-BD4F-1B58A94E0B01}
		{486C9F3C-B1A4-4178-9088-EBE0907E531B} = {D2E8EDA7-F954-41E3-BD4F-1B58A94E0B01}
		{27807DC3-9728-4601-A6DB-C09D3B811E0C} = {3294D7FD-F2AE-432E-AD5F-67531A37A32C}
		{A6504036-7724-4296-A347-1CC07557B13A} = {11845837-A181-42FF-AC29-C26885AA19D5}
		{347011B6-679E-46C4-BEEB-906C638949F0} = {11DC0B0B-EC68-4AC2-8348-1C2524D2E31D}
	EndGlobalSection
EndGlobal
