<?xml version="1.0" encoding="utf-8"?>
<Project ToolsVersion="4.0" xmlns="http://schemas.microsoft.com/developer/msbuild/2003">
  <ItemGroup>
    <Filter Include="Quelldateien">
      <UniqueIdentifier>{f197a6f1-0734-4a64-a122-021538e776f4}</UniqueIdentifier>
    </Filter>
    <Filter Include="Generierte Dateien">
      <UniqueIdentifier>{4e6b0c90-b327-47b5-9f11-7fe0de1836a6}</UniqueIdentifier>
      <SourceControlFiles>False</SourceControlFiles>
    </Filter>
  </ItemGroup>
  <ItemGroup>
    <None Include="COMMyBaySrvps.def" />
  </ItemGroup>
  <ItemGroup>
    <ClCompile Include="COMMyBaySrv_i.c">
      <Filter>Generierte Dateien</Filter>
    </ClCompile>
    <ClCompile Include="COMMyBaySrv_p.c">
      <Filter>Generierte Dateien</Filter>
    </ClCompile>
    <ClCompile Include="dlldata.c">
      <Filter>Generierte Dateien</Filter>
    </ClCompile>
  </ItemGroup>
</Project>